
Microsoft Visual Studio Solution File, Format Version 12.00
# Visual Studio 15
Project("{FAE04EC0-301F-11D3-BF4B-00C04F79EFBC}") = "page_crash.Android", "page_crash.Android\page_crash.Android.csproj", "{915E47E5-A9E9-47C6-A06A-6805E59550F6}"
EndProject
Project("{FAE04EC0-301F-11D3-BF4B-00C04F79EFBC}") = "page_crash", "page_crash\page_crash.csproj", "{6C5EB606-04CF-4566-AE29-49DAAB250AE0}"
EndProject
Global
	GlobalSection(SolutionConfigurationPlatforms) = preSolution
		Debug|Any CPU = Debug|Any CPU
		Release|Any CPU = Release|Any CPU
	EndGlobalSection
	GlobalSection(ProjectConfigurationPlatforms) = postSolution
		{915E47E5-A9E9-47C6-A06A-6805E59550F6}.Debug|Any CPU.ActiveCfg = Debug|Any CPU
		{915E47E5-A9E9-47C6-A06A-6805E59550F6}.Debug|Any CPU.Build.0 = Debug|Any CPU
		{915E47E5-A9E9-47C6-A06A-6805E59550F6}.Release|Any CPU.ActiveCfg = Release|Any CPU
		{915E47E5-A9E9-47C6-A06A-6805E59550F6}.Release|Any CPU.Build.0 = Release|Any CPU
		{6C5EB606-04CF-4566-AE29-49DAAB250AE0}.Debug|Any CPU.ActiveCfg = Debug|Any CPU
		{6C5EB606-04CF-4566-AE29-49DAAB250AE0}.Debug|Any CPU.Build.0 = Debug|Any CPU
		{6C5EB606-04CF-4566-AE29-49DAAB250AE0}.Release|Any CPU.ActiveCfg = Release|Any CPU
		{6C5EB606-04CF-4566-AE29-49DAAB250AE0}.Release|Any CPU.Build.0 = Release|Any CPU
	EndGlobalSection
EndGlobal
